<?xml version="1.0" encoding="utf-8"?>
<Project ToolsVersion="4.0" xmlns="http://schemas.microsoft.com/developer/msbuild/2003">
  <ItemGroup>
    <Filter Include="ソース ファイル">
      <UniqueIdentifier>{4FC737F1-C7A5-4376-A066-2A32D752A2FF}</UniqueIdentifier>
      <Extensions>cpp;c;cc;cxx;c++;cppm;ixx;def;odl;idl;hpj;bat;asm;asmx</Extensions>
    </Filter>
    <Filter Include="ヘッダー ファイル">
      <UniqueIdentifier>{93995380-89BD-4b04-88EB-625FBE52EBFB}</UniqueIdentifier>
      <Extensions>h;hh;hpp;hxx;h++;hm;inl;inc;ipp;xsd</Extensions>
    </Filter>
    <Filter Include="リソース ファイル">
      <UniqueIdentifier>{67DA6AB6-F800-4c08-8B7A-83BB121AAD01}</UniqueIdentifier>
      <Extensions>rc;ico;cur;bmp;dlg;rc2;rct;bin;rgs;gif;jpg;jpeg;jpe;resx;tiff;tif;png;wav;mfcribbon-ms</Extensions>
    </Filter>
    <Filter Include="ソース ファイル\GameLogic">
      <UniqueIdentifier>{d7d83511-0e78-48df-b6d7-a322d88da64d}</UniqueIdentifier>
    </Filter>
    <Filter Include="ソース ファイル\GameLogic\Controller">
      <UniqueIdentifier>{5c04da7c-147c-405c-b18c-7f83e32ce4d0}</UniqueIdentifier>
    </Filter>
    <Filter Include="ソース ファイル\GameLogic\GameObject">
      <UniqueIdentifier>{70a41f20-0433-4344-9b90-8c662c55c4fd}</UniqueIdentifier>
    </Filter>
    <Filter Include="ヘッダー ファイル\GameLogic">
      <UniqueIdentifier>{4c727aad-b55d-4658-8378-aaf8864d0423}</UniqueIdentifier>
    </Filter>
    <Filter Include="ヘッダー ファイル\GameLogic\Controller">
      <UniqueIdentifier>{a0f15725-ebad-4f0b-9b87-2da7557ddfe5}</UniqueIdentifier>
    </Filter>
    <Filter Include="ヘッダー ファイル\GameLogic\GameObject">
      <UniqueIdentifier>{904a70dc-2a00-40aa-ae7f-44fbe42d3f5c}</UniqueIdentifier>
    </Filter>
    <Filter Include="ソース ファイル\main">
      <UniqueIdentifier>{575cc249-4722-4bb9-a6af-e491e50b916f}</UniqueIdentifier>
    </Filter>
    <Filter Include="ヘッダー ファイル\main">
      <UniqueIdentifier>{857ea0ca-faba-4b86-84b0-aef2a4770c75}</UniqueIdentifier>
    </Filter>
  </ItemGroup>
  <ItemGroup>
    <ResourceCompile Include="SideViewGameSample.rc">
      <Filter>リソース ファイル</Filter>
    </ResourceCompile>
  </ItemGroup>
  <ItemGroup>
    <Image Include="res\file_view.ico">
      <Filter>リソース ファイル</Filter>
    </Image>
    <Image Include="res\file_view_hc.ico">
      <Filter>リソース ファイル</Filter>
    </Image>
    <Image Include="res\class_view.ico">
      <Filter>リソース ファイル</Filter>
    </Image>
    <Image Include="res\class_view_hc.ico">
      <Filter>リソース ファイル</Filter>
    </Image>
    <Image Include="res\fileview.bmp">
      <Filter>リソース ファイル</Filter>
    </Image>
    <Image Include="res\fileview_hc.bmp">
      <Filter>リソース ファイル</Filter>
    </Image>
    <Image Include="res\classview.bmp">
      <Filter>リソース ファイル</Filter>
    </Image>
    <Image Include="res\classview_hc.bmp">
      <Filter>リソース ファイル</Filter>
    </Image>
    <Image Include="res\explorer.bmp">
      <Filter>リソース ファイル</Filter>
    </Image>
    <Image Include="res\explorer_hc.bmp">
      <Filter>リソース ファイル</Filter>
    </Image>
    <Image Include="res\sort.bmp">
      <Filter>リソース ファイル</Filter>
    </Image>
    <Image Include="res\sort_hc.bmp">
      <Filter>リソース ファイル</Filter>
    </Image>
    <Image Include="res\menuimages.bmp">
      <Filter>リソース ファイル</Filter>
    </Image>
    <Image Include="res\menuimages_hc.bmp">
      <Filter>リソース ファイル</Filter>
    </Image>
    <Image Include="res\output_wnd.ico">
      <Filter>リソース ファイル</Filter>
    </Image>
    <Image Include="res\output_wnd_hc.ico">
      <Filter>リソース ファイル</Filter>
    </Image>
    <Image Include="res\properties_wnd.ico">
      <Filter>リソース ファイル</Filter>
    </Image>
    <Image Include="res\properties_wnd_hc.ico">
      <Filter>リソース ファイル</Filter>
    </Image>
    <Image Include="res\properties.bmp">
      <Filter>リソース ファイル</Filter>
    </Image>
    <Image Include="res\properties_hc.bmp">
      <Filter>リソース ファイル</Filter>
    </Image>
    <Image Include="res\userimages.bmp">
      <Filter>リソース ファイル</Filter>
    </Image>
    <Image Include="res\SideViewGameSampleDoc.ico">
      <Filter>リソース ファイル</Filter>
    </Image>
    <Image Include="res\SideViewGameSample.ico">
      <Filter>リソース ファイル</Filter>
    </Image>
    <Image Include="res\Toolbar.bmp">
      <Filter>リソース ファイル</Filter>
    </Image>
    <Image Include="res\Toolbar256.bmp">
      <Filter>リソース ファイル</Filter>
    </Image>
  </ItemGroup>
  <ItemGroup>
    <None Include="res\SideViewGameSample.rc2">
      <Filter>リソース ファイル</Filter>
    </None>
  </ItemGroup>
  <ItemGroup>
    <ClCompile Include="src\ClassView.cpp">
      <Filter>ソース ファイル\main</Filter>
    </ClCompile>
    <ClCompile Include="src\FileView.cpp">
      <Filter>ソース ファイル\main</Filter>
    </ClCompile>
    <ClCompile Include="src\MainFrm.cpp">
      <Filter>ソース ファイル\main</Filter>
    </ClCompile>
    <ClCompile Include="src\OutputWnd.cpp">
      <Filter>ソース ファイル\main</Filter>
    </ClCompile>
    <ClCompile Include="src\pch.cpp">
      <Filter>ソース ファイル\main</Filter>
    </ClCompile>
    <ClCompile Include="src\PropertiesWnd.cpp">
      <Filter>ソース ファイル\main</Filter>
    </ClCompile>
    <ClCompile Include="src\SideViewGameSample.cpp">
      <Filter>ソース ファイル\main</Filter>
    </ClCompile>
    <ClCompile Include="src\SideViewGameSampleDoc.cpp">
      <Filter>ソース ファイル\main</Filter>
    </ClCompile>
    <ClCompile Include="src\SideViewGameSampleView.cpp">
      <Filter>ソース ファイル\main</Filter>
    </ClCompile>
    <ClCompile Include="src\ViewTree.cpp">
      <Filter>ソース ファイル\main</Filter>
    </ClCompile>
    <ClCompile Include="src\src\PlayerController.cpp">
      <Filter>ソース ファイル\GameLogic\Controller</Filter>
    </ClCompile>
    <ClCompile Include="src\src\GameMain.cpp">
      <Filter>ソース ファイル\GameLogic</Filter>
    </ClCompile>
    <ClCompile Include="src\src\Renderer.cpp">
      <Filter>ソース ファイル\GameLogic</Filter>
    </ClCompile>
    <ClCompile Include="src\src\TileMap.cpp">
      <Filter>ソース ファイル\GameLogic</Filter>
    </ClCompile>
    <ClCompile Include="src\src\CircleObject.cpp">
      <Filter>ソース ファイル\GameLogic\GameObject</Filter>
    </ClCompile>
    <ClCompile Include="src\src\LineObject.cpp">
      <Filter>ソース ファイル\GameLogic\GameObject</Filter>
    </ClCompile>
    <ClCompile Include="src\src\PlayerObject.cpp">
      <Filter>ソース ファイル\GameLogic\GameObject</Filter>
    </ClCompile>
    <ClCompile Include="src\src\RectObject.cpp">
      <Filter>ソース ファイル\GameLogic\GameObject</Filter>
    </ClCompile>
    <ClCompile Include="src\src\TileMapObject.cpp">
      <Filter>ソース ファイル\GameLogic\GameObject</Filter>
    </ClCompile>
  </ItemGroup>
  <ItemGroup>
    <ClInclude Include="src\ClassView.h">
      <Filter>ヘッダー ファイル\main</Filter>
    </ClInclude>
    <ClInclude Include="src\framework.h">
      <Filter>ヘッダー ファイル\main</Filter>
    </ClInclude>
    <ClInclude Include="src\FileView.h">
      <Filter>ヘッダー ファイル\main</Filter>
    </ClInclude>
    <ClInclude Include="src\MainFrm.h">
      <Filter>ヘッダー ファイル\main</Filter>
    </ClInclude>
    <ClInclude Include="src\OutputWnd.h">
      <Filter>ヘッダー ファイル\main</Filter>
    </ClInclude>
    <ClInclude Include="src\pch.h">
      <Filter>ヘッダー ファイル\main</Filter>
    </ClInclude>
    <ClInclude Include="src\PropertiesWnd.h">
      <Filter>ヘッダー ファイル\main</Filter>
    </ClInclude>
    <ClInclude Include="src\Resource.h">
      <Filter>ヘッダー ファイル\main</Filter>
    </ClInclude>
    <ClInclude Include="src\SideViewGameSample.h">
      <Filter>ヘッダー ファイル\main</Filter>
    </ClInclude>
    <ClInclude Include="src\SideViewGameSampleDoc.h">
      <Filter>ヘッダー ファイル\main</Filter>
    </ClInclude>
    <ClInclude Include="src\SideViewGameSampleView.h">
      <Filter>ヘッダー ファイル\main</Filter>
    </ClInclude>
    <ClInclude Include="src\targetver.h">
      <Filter>ヘッダー ファイル\main</Filter>
    </ClInclude>
    <ClInclude Include="src\ViewTree.h">
      <Filter>ヘッダー ファイル\main</Filter>
    </ClInclude>
    <ClInclude Include="src\include\PlayerController.h">
      <Filter>ヘッダー ファイル\GameLogic\Controller</Filter>
    </ClInclude>
    <ClInclude Include="src\include\CollisionResult.h">
      <Filter>ヘッダー ファイル\GameLogic</Filter>
    </ClInclude>
    <ClInclude Include="src\include\GameMain.h">
      <Filter>ヘッダー ファイル\GameLogic</Filter>
    </ClInclude>
    <ClInclude Include="src\include\InputKey.h">
      <Filter>ヘッダー ファイル\GameLogic</Filter>
    </ClInclude>
    <ClInclude Include="src\include\Renderer.h">
      <Filter>ヘッダー ファイル\GameLogic</Filter>
    </ClInclude>
    <ClInclude Include="src\include\TileMap.h">
      <Filter>ヘッダー ファイル\GameLogic</Filter>
    </ClInclude>
    <ClInclude Include="src\include\CircleObject.h">
      <Filter>ヘッダー ファイル\GameLogic\GameObject</Filter>
    </ClInclude>
    <ClInclude Include="src\include\LineObject.h">
      <Filter>ヘッダー ファイル\GameLogic\GameObject</Filter>
    </ClInclude>
    <ClInclude Include="src\include\PlayerObject.h">
      <Filter>ヘッダー ファイル\GameLogic\GameObject</Filter>
    </ClInclude>
    <ClInclude Include="src\include\RectObject.h">
      <Filter>ヘッダー ファイル\GameLogic\GameObject</Filter>
    </ClInclude>
    <ClInclude Include="src\include\TileMapObject.h">
      <Filter>ヘッダー ファイル\GameLogic\GameObject</Filter>
    </ClInclude>
  </ItemGroup>
</Project>