
Microsoft Visual Studio Solution File, Format Version 12.00
# Visual Studio Version 17
VisualStudioVersion = 17.14.37301.10 d17.14
MinimumVisualStudioVersion = 10.0.40219.1
Project("{FAE04EC0-301F-11D3-BF4B-00C04F79EFBC}") = "1_CSVグラフ化ツール", "1_CSVグラフ化ツール.csproj", "{C3319F36-D46B-4CAB-8A2D-D08A2DF5EB8B}"
EndProject
Global
	GlobalSection(SolutionConfigurationPlatforms) = preSolution
		Debug|Any CPU = Debug|Any CPU
		Release|Any CPU = Release|Any CPU
	EndGlobalSection
	GlobalSection(ProjectConfigurationPlatforms) = postSolution
		{C3319F36-D46B-4CAB-8A2D-D08A2DF5EB8B}.Debug|Any CPU.ActiveCfg = Debug|Any CPU
		{C3319F36-D46B-4CAB-8A2D-D08A2DF5EB8B}.Debug|Any CPU.Build.0 = Debug|Any CPU
		{C3319F36-D46B-4CAB-8A2D-D08A2DF5EB8B}.Release|Any CPU.ActiveCfg = Release|Any CPU
		{C3319F36-D46B-4CAB-8A2D-D08A2DF5EB8B}.Release|Any CPU.Build.0 = Release|Any CPU
	EndGlobalSection
	GlobalSection(SolutionProperties) = preSolution
		HideSolutionNode = FALSE
	EndGlobalSection
	GlobalSection(ExtensibilityGlobals) = postSolution
		SolutionGuid = {F40500C3-622D-42C5-99CD-AF7DDA222FF5}
	EndGlobalSection
EndGlobal
